
Microsoft Visual Studio Solution File, Format Version 12.00
# Visual Studio Version 17
VisualStudioVersion = 17.2.32519.379
MinimumVisualStudioVersion = 10.0.40219.1
Project("{9A19103F-16F7-4668-BE54-9A1E7A4F7556}") = "Backend", "Backend\Backend.csproj", "{0646317D-7673-4778-9504-A2E7A980C2F7}"
EndProject
Project("{FAE04EC0-301F-11D3-BF4B-00C04F79EFBC}") = "Backend.Tests", "Backend.Tests\Backend.Tests.csproj", "{8D9B2974-6061-4BEE-9DCF-F93A3C4E3C6A}"
EndProject
Global
	GlobalSection(SolutionConfigurationPlatforms) = preSolution
		Debug|Any CPU = Debug|Any CPU
		Release|Any CPU = Release|Any CPU
	EndGlobalSection
	GlobalSection(ProjectConfigurationPlatforms) = postSolution
		{0646317D-7673-4778-9504-A2E7A980C2F7}.Debug|Any CPU.ActiveCfg = Debug|Any CPU
		{0646317D-7673-4778-9504-A2E7A980C2F7}.Debug|Any CPU.Build.0 = Debug|Any CPU
		{0646317D-7673-4778-9504-A2E7A980C2F7}.Release|Any CPU.ActiveCfg = Release|Any CPU
		{0646317D-7673-4778-9504-A2E7A980C2F7}.Release|Any CPU.Build.0 = Release|Any CPU
		{8D9B2974-6061-4BEE-9DCF-F93A3C4E3C6A}.Debug|Any CPU.ActiveCfg = Debug|Any CPU
		{8D9B2974-6061-4BEE-9DCF-F93A3C4E3C6A}.Debug|Any CPU.Build.0 = Debug|Any CPU
		{8D9B2974-6061-4BEE-9DCF-F93A3C4E3C6A}.Release|Any CPU.ActiveCfg = Release|Any CPU
		{8D9B2974-6061-4BEE-9DCF-F93A3C4E3C6A}.Release|Any CPU.Build.0 = Release|Any CPU
	EndGlobalSection
	GlobalSection(SolutionProperties) = preSolution
		HideSolutionNode = FALSE
	EndGlobalSection
	GlobalSection(ExtensibilityGlobals) = postSolution
		SolutionGuid = {4C1897BD-BAC7-4599-9878-D19CCE04503B}
	EndGlobalSection
EndGlobal
